
Microsoft Visual Studio Solution File, Format Version 12.00
# Visual Studio Version 16
VisualStudioVersion = 16.0.31702.278
MinimumVisualStudioVersion = 10.0.40219.1
Project("{FAE04EC0-301F-11D3-BF4B-00C04F79EFBC}") = "Lesson3", "Lesson3\Lesson3.csproj", "{D7430E96-5168-49DE-851A-CEFF96196B57}"
EndProject
Project("{FAE04EC0-301F-11D3-BF4B-00C04F79EFBC}") = "Lesson3_T2", "Lesson3_T2\Lesson3_T2.csproj", "{04B15886-08BA-4AAB-8CE7-62C0A6CC1E1A}"
EndProject
Project("{FAE04EC0-301F-11D3-BF4B-00C04F79EFBC}") = "Lesson3_T3", "Lesson3_T3\Lesson3_T3.csproj", "{0D27F8E2-3E14-493A-ACE7-73EADE1BF748}"
EndProject
Project("{FAE04EC0-301F-11D3-BF4B-00C04F79EFBC}") = "Lesson3_T4", "Lesson3_T4\Lesson3_T4.csproj", "{32D83C34-C917-432B-8DBD-861F3801B0EE}"
EndProject
Project("{FAE04EC0-301F-11D3-BF4B-00C04F79EFBC}") = "Lesson3_T5", "Lesson3_T5\Lesson3_T5.csproj", "{29F49E0D-78E8-49B3-9F15-B7499DB7580B}"
EndProject
Global
	GlobalSection(SolutionConfigurationPlatforms) = preSolution
		Debug|Any CPU = Debug|Any CPU
		Release|Any CPU = Release|Any CPU
	EndGlobalSection
	GlobalSection(ProjectConfigurationPlatforms) = postSolution
		{D7430E96-5168-49DE-851A-CEFF96196B57}.Debug|Any CPU.ActiveCfg = Debug|Any CPU
		{D7430E96-5168-49DE-851A-CEFF96196B57}.Debug|Any CPU.Build.0 = Debug|Any CPU
		{D7430E96-5168-49DE-851A-CEFF96196B57}.Release|Any CPU.ActiveCfg = Release|Any CPU
		{D7430E96-5168-49DE-851A-CEFF96196B57}.Release|Any CPU.Build.0 = Release|Any CPU
		{04B15886-08BA-4AAB-8CE7-62C0A6CC1E1A}.Debug|Any CPU.ActiveCfg = Debug|Any CPU
		{04B15886-08BA-4AAB-8CE7-62C0A6CC1E1A}.Debug|Any CPU.Build.0 = Debug|Any CPU
		{04B15886-08BA-4AAB-8CE7-62C0A6CC1E1A}.Release|Any CPU.ActiveCfg = Release|Any CPU
		{04B15886-08BA-4AAB-8CE7-62C0A6CC1E1A}.Release|Any CPU.Build.0 = Release|Any CPU
		{0D27F8E2-3E14-493A-ACE7-73EADE1BF748}.Debug|Any CPU.ActiveCfg = Debug|Any CPU
		{0D27F8E2-3E14-493A-ACE7-73EADE1BF748}.Debug|Any CPU.Build.0 = Debug|Any CPU
		{0D27F8E2-3E14-493A-ACE7-73EADE1BF748}.Release|Any CPU.ActiveCfg = Release|Any CPU
		{0D27F8E2-3E14-493A-ACE7-73EADE1BF748}.Release|Any CPU.Build.0 = Release|Any CPU
		{32D83C34-C917-432B-8DBD-861F3801B0EE}.Debug|Any CPU.ActiveCfg = Debug|Any CPU
		{32D83C34-C917-432B-8DBD-861F3801B0EE}.Debug|Any CPU.Build.0 = Debug|Any CPU
		{32D83C34-C917-432B-8DBD-861F3801B0EE}.Release|Any CPU.ActiveCfg = Release|Any CPU
		{32D83C34-C917-432B-8DBD-861F3801B0EE}.Release|Any CPU.Build.0 = Release|Any CPU
		{29F49E0D-78E8-49B3-9F15-B7499DB7580B}.Debug|Any CPU.ActiveCfg = Debug|Any CPU
		{29F49E0D-78E8-49B3-9F15-B7499DB7580B}.Debug|Any CPU.Build.0 = Debug|Any CPU
		{29F49E0D-78E8-49B3-9F15-B7499DB7580B}.Release|Any CPU.ActiveCfg = Release|Any CPU
		{29F49E0D-78E8-49B3-9F15-B7499DB7580B}.Release|Any CPU.Build.0 = Release|Any CPU
	EndGlobalSection
	GlobalSection(SolutionProperties) = preSolution
		HideSolutionNode = FALSE
	EndGlobalSection
	GlobalSection(ExtensibilityGlobals) = postSolution
		SolutionGuid = {C4F6C519-7A43-48FC-9D67-A9BBFE580D81}
	EndGlobalSection
EndGlobal
