
Microsoft Visual Studio Solution File, Format Version 12.00
# Visual Studio Version 16
VisualStudioVersion = 16.0.31702.278
MinimumVisualStudioVersion = 10.0.40219.1
Project("{FAE04EC0-301F-11D3-BF4B-00C04F79EFBC}") = "Lesson2_T1", "Lesson2\Lesson2_T1.csproj", "{B1BB08E9-397C-45E3-8E83-49AA7469C40E}"
EndProject
Project("{FAE04EC0-301F-11D3-BF4B-00C04F79EFBC}") = "Lesson2_T2", "Lesson2_T2\Lesson2_T2.csproj", "{4787E55E-4E9E-47CA-8B80-25F33E38BA1C}"
EndProject
Project("{FAE04EC0-301F-11D3-BF4B-00C04F79EFBC}") = "Lesson2_T3", "Lesson2_T3\Lesson2_T3.csproj", "{F725269A-BA7A-4111-83FC-FEE80D65F372}"
EndProject
Project("{FAE04EC0-301F-11D3-BF4B-00C04F79EFBC}") = "Lesson2_T4", "Lesson2_T4\Lesson2_T4.csproj", "{B63DC9F6-F905-4EA5-A5FA-3FC1DD54E07F}"
EndProject
Project("{FAE04EC0-301F-11D3-BF4B-00C04F79EFBC}") = "Lesson2_T5", "Lesson2_T6\Lesson2_T5.csproj", "{B4E4A13B-DFEA-4833-B30B-0AD9EAA25A7E}"
EndProject
Global
	GlobalSection(SolutionConfigurationPlatforms) = preSolution
		Debug|Any CPU = Debug|Any CPU
		Release|Any CPU = Release|Any CPU
	EndGlobalSection
	GlobalSection(ProjectConfigurationPlatforms) = postSolution
		{B1BB08E9-397C-45E3-8E83-49AA7469C40E}.Debug|Any CPU.ActiveCfg = Debug|Any CPU
		{B1BB08E9-397C-45E3-8E83-49AA7469C40E}.Debug|Any CPU.Build.0 = Debug|Any CPU
		{B1BB08E9-397C-45E3-8E83-49AA7469C40E}.Release|Any CPU.ActiveCfg = Release|Any CPU
		{B1BB08E9-397C-45E3-8E83-49AA7469C40E}.Release|Any CPU.Build.0 = Release|Any CPU
		{4787E55E-4E9E-47CA-8B80-25F33E38BA1C}.Debug|Any CPU.ActiveCfg = Debug|Any CPU
		{4787E55E-4E9E-47CA-8B80-25F33E38BA1C}.Debug|Any CPU.Build.0 = Debug|Any CPU
		{4787E55E-4E9E-47CA-8B80-25F33E38BA1C}.Release|Any CPU.ActiveCfg = Release|Any CPU
		{4787E55E-4E9E-47CA-8B80-25F33E38BA1C}.Release|Any CPU.Build.0 = Release|Any CPU
		{F725269A-BA7A-4111-83FC-FEE80D65F372}.Debug|Any CPU.ActiveCfg = Debug|Any CPU
		{F725269A-BA7A-4111-83FC-FEE80D65F372}.Debug|Any CPU.Build.0 = Debug|Any CPU
		{F725269A-BA7A-4111-83FC-FEE80D65F372}.Release|Any CPU.ActiveCfg = Release|Any CPU
		{F725269A-BA7A-4111-83FC-FEE80D65F372}.Release|Any CPU.Build.0 = Release|Any CPU
		{B63DC9F6-F905-4EA5-A5FA-3FC1DD54E07F}.Debug|Any CPU.ActiveCfg = Debug|Any CPU
		{B63DC9F6-F905-4EA5-A5FA-3FC1DD54E07F}.Debug|Any CPU.Build.0 = Debug|Any CPU
		{B63DC9F6-F905-4EA5-A5FA-3FC1DD54E07F}.Release|Any CPU.ActiveCfg = Release|Any CPU
		{B63DC9F6-F905-4EA5-A5FA-3FC1DD54E07F}.Release|Any CPU.Build.0 = Release|Any CPU
		{B4E4A13B-DFEA-4833-B30B-0AD9EAA25A7E}.Debug|Any CPU.ActiveCfg = Debug|Any CPU
		{B4E4A13B-DFEA-4833-B30B-0AD9EAA25A7E}.Debug|Any CPU.Build.0 = Debug|Any CPU
		{B4E4A13B-DFEA-4833-B30B-0AD9EAA25A7E}.Release|Any CPU.ActiveCfg = Release|Any CPU
		{B4E4A13B-DFEA-4833-B30B-0AD9EAA25A7E}.Release|Any CPU.Build.0 = Release|Any CPU
	EndGlobalSection
	GlobalSection(SolutionProperties) = preSolution
		HideSolutionNode = FALSE
	EndGlobalSection
	GlobalSection(ExtensibilityGlobals) = postSolution
		SolutionGuid = {294EE608-33CD-4C08-90BC-2D902F9B3CD5}
	EndGlobalSection
EndGlobal
