
Microsoft Visual Studio Solution File, Format Version 12.00
# Visual Studio Version 16
VisualStudioVersion = 16.0.31702.278
MinimumVisualStudioVersion = 10.0.40219.1
Project("{FAE04EC0-301F-11D3-BF4B-00C04F79EFBC}") = "Lesson5", "Lesson5\Lesson5.csproj", "{84992E8C-6858-44BE-9FF0-F7178A953BC4}"
EndProject
Project("{FAE04EC0-301F-11D3-BF4B-00C04F79EFBC}") = "Lesson5_T6", "Lesson5_T6\Lesson5_T6.csproj", "{E5A822A2-28AA-4C01-84B1-5D704453C9A1}"
EndProject
Project("{FAE04EC0-301F-11D3-BF4B-00C04F79EFBC}") = "Lesson5_T2", "Lesson5_T2\Lesson5_T2.csproj", "{49121F82-A397-4586-B3B9-A6EC0F4D9983}"
EndProject
Project("{FAE04EC0-301F-11D3-BF4B-00C04F79EFBC}") = "Lesson5_T3", "Lesson5_T3\Lesson5_T3.csproj", "{9E22BA0C-10E0-49AB-BBC7-E59A806081C8}"
EndProject
Project("{FAE04EC0-301F-11D3-BF4B-00C04F79EFBC}") = "Lesson5_T4", "Lesson5_T4\Lesson5_T4.csproj", "{835CA0BE-2820-49EE-BB28-F51B4804A1BF}"
EndProject
Project("{FAE04EC0-301F-11D3-BF4B-00C04F79EFBC}") = "Lesson5_T5", "Lesson5_T5\Lesson5_T5.csproj", "{4727C44C-5E51-40D7-87DF-7AC8D5CCE9E8}"
EndProject
Global
	GlobalSection(SolutionConfigurationPlatforms) = preSolution
		Debug|Any CPU = Debug|Any CPU
		Release|Any CPU = Release|Any CPU
	EndGlobalSection
	GlobalSection(ProjectConfigurationPlatforms) = postSolution
		{84992E8C-6858-44BE-9FF0-F7178A953BC4}.Debug|Any CPU.ActiveCfg = Debug|Any CPU
		{84992E8C-6858-44BE-9FF0-F7178A953BC4}.Debug|Any CPU.Build.0 = Debug|Any CPU
		{84992E8C-6858-44BE-9FF0-F7178A953BC4}.Release|Any CPU.ActiveCfg = Release|Any CPU
		{84992E8C-6858-44BE-9FF0-F7178A953BC4}.Release|Any CPU.Build.0 = Release|Any CPU
		{E5A822A2-28AA-4C01-84B1-5D704453C9A1}.Debug|Any CPU.ActiveCfg = Debug|Any CPU
		{E5A822A2-28AA-4C01-84B1-5D704453C9A1}.Debug|Any CPU.Build.0 = Debug|Any CPU
		{E5A822A2-28AA-4C01-84B1-5D704453C9A1}.Release|Any CPU.ActiveCfg = Release|Any CPU
		{E5A822A2-28AA-4C01-84B1-5D704453C9A1}.Release|Any CPU.Build.0 = Release|Any CPU
		{49121F82-A397-4586-B3B9-A6EC0F4D9983}.Debug|Any CPU.ActiveCfg = Debug|Any CPU
		{49121F82-A397-4586-B3B9-A6EC0F4D9983}.Debug|Any CPU.Build.0 = Debug|Any CPU
		{49121F82-A397-4586-B3B9-A6EC0F4D9983}.Release|Any CPU.ActiveCfg = Release|Any CPU
		{49121F82-A397-4586-B3B9-A6EC0F4D9983}.Release|Any CPU.Build.0 = Release|Any CPU
		{9E22BA0C-10E0-49AB-BBC7-E59A806081C8}.Debug|Any CPU.ActiveCfg = Debug|Any CPU
		{9E22BA0C-10E0-49AB-BBC7-E59A806081C8}.Debug|Any CPU.Build.0 = Debug|Any CPU
		{9E22BA0C-10E0-49AB-BBC7-E59A806081C8}.Release|Any CPU.ActiveCfg = Release|Any CPU
		{9E22BA0C-10E0-49AB-BBC7-E59A806081C8}.Release|Any CPU.Build.0 = Release|Any CPU
		{835CA0BE-2820-49EE-BB28-F51B4804A1BF}.Debug|Any CPU.ActiveCfg = Debug|Any CPU
		{835CA0BE-2820-49EE-BB28-F51B4804A1BF}.Debug|Any CPU.Build.0 = Debug|Any CPU
		{835CA0BE-2820-49EE-BB28-F51B4804A1BF}.Release|Any CPU.ActiveCfg = Release|Any CPU
		{835CA0BE-2820-49EE-BB28-F51B4804A1BF}.Release|Any CPU.Build.0 = Release|Any CPU
		{4727C44C-5E51-40D7-87DF-7AC8D5CCE9E8}.Debug|Any CPU.ActiveCfg = Debug|Any CPU
		{4727C44C-5E51-40D7-87DF-7AC8D5CCE9E8}.Debug|Any CPU.Build.0 = Debug|Any CPU
		{4727C44C-5E51-40D7-87DF-7AC8D5CCE9E8}.Release|Any CPU.ActiveCfg = Release|Any CPU
		{4727C44C-5E51-40D7-87DF-7AC8D5CCE9E8}.Release|Any CPU.Build.0 = Release|Any CPU
	EndGlobalSection
	GlobalSection(SolutionProperties) = preSolution
		HideSolutionNode = FALSE
	EndGlobalSection
	GlobalSection(ExtensibilityGlobals) = postSolution
		SolutionGuid = {216B7C13-DFB5-4C5D-84FE-28CAA848CEB3}
	EndGlobalSection
EndGlobal
